
Microsoft Visual Studio Solution File, Format Version 12.00
# Visual Studio Version 16
VisualStudioVersion = 16.0.30907.101
MinimumVisualStudioVersion = 10.0.40219.1
Project("{FAE04EC0-301F-11D3-BF4B-00C04F79EFBC}") = "LR6lib", "LR6\LR6lib.csproj", "{469BDBF4-615D-40AD-B7D7-B027910A12F2}"
EndProject
Project("{FAE04EC0-301F-11D3-BF4B-00C04F79EFBC}") = "LR6program", "Program\LR6program.csproj", "{EDB8F5C0-3EAC-4CEF-8B22-7AC8C5FB26E0}"
EndProject
Global
	GlobalSection(SolutionConfigurationPlatforms) = preSolution
		Debug|Any CPU = Debug|Any CPU
		Release|Any CPU = Release|Any CPU
	EndGlobalSection
	GlobalSection(ProjectConfigurationPlatforms) = postSolution
		{469BDBF4-615D-40AD-B7D7-B027910A12F2}.Debug|Any CPU.ActiveCfg = Debug|Any CPU
		{469BDBF4-615D-40AD-B7D7-B027910A12F2}.Debug|Any CPU.Build.0 = Debug|Any CPU
		{469BDBF4-615D-40AD-B7D7-B027910A12F2}.Release|Any CPU.ActiveCfg = Release|Any CPU
		{469BDBF4-615D-40AD-B7D7-B027910A12F2}.Release|Any CPU.Build.0 = Release|Any CPU
		{EDB8F5C0-3EAC-4CEF-8B22-7AC8C5FB26E0}.Debug|Any CPU.ActiveCfg = Debug|Any CPU
		{EDB8F5C0-3EAC-4CEF-8B22-7AC8C5FB26E0}.Debug|Any CPU.Build.0 = Debug|Any CPU
		{EDB8F5C0-3EAC-4CEF-8B22-7AC8C5FB26E0}.Release|Any CPU.ActiveCfg = Release|Any CPU
		{EDB8F5C0-3EAC-4CEF-8B22-7AC8C5FB26E0}.Release|Any CPU.Build.0 = Release|Any CPU
	EndGlobalSection
	GlobalSection(SolutionProperties) = preSolution
		HideSolutionNode = FALSE
	EndGlobalSection
	GlobalSection(ExtensibilityGlobals) = postSolution
		SolutionGuid = {67FC72C1-D8C3-4937-AB17-55AD0AA42538}
	EndGlobalSection
EndGlobal
